# THIS IS AN AUTOGENERATED FILE. DO NOT EDIT THIS FILE DIRECTLY.
# yarn lockfile v1


options@>=0.0.5:
  version "0.0.6"
  resolved "https://registry.npmmirror.com/options/-/options-0.0.6.tgz#ec22d312806bb53e731773e7cdaefcf1c643128f"
  integrity sha512-bOj3L1ypm++N+n7CEbbe473A414AB7z+amKYshRb//iuL3MpdDCLhPnw6aVTdKB9g5ZRVHIEp8eUln6L2NUStg==

ultron@1.0.x:
  version "1.0.2"
  resolved "https://registry.npmmirror.com/ultron/-/ultron-1.0.2.tgz#ace116ab557cd197386a4e88f4685378c8b2e4fa"
  integrity sha512-QMpnpVtYaWEeY+MwKDN/UdKlE/LsFZXM5lO1u7GaZzNgmIbGixHEmVMIKT+vqYOALu3m5GYQy9kz4Xu4IVn7Ow==

ws@1.1.1:
  version "1.1.1"
  resolved "https://registry.npmmirror.com/ws/-/ws-1.1.1.tgz#082ddb6c641e85d4bb451f03d52f06eabdb1f018"
  integrity sha512-TRtCup+Fxoy1sW9funE4kPxA0KfaMc7g68DoKN+Uu9Ej+zr9We3DWVJ2XgiGtXlibqA7IWOV+Xe6xlUxPputfg==
  dependencies:
    options ">=0.0.5"
    ultron "1.0.x"
